
Microsoft Visual Studio Solution File, Format Version 12.00
# Visual Studio Version 16
VisualStudioVersion = 16.0.29326.143
MinimumVisualStudioVersion = 10.0.40219.1
Project("{FAE04EC0-301F-11D3-BF4B-00C04F79EFBC}") = "FineDustInfo_XamarinForms.UWP", "FineDustInfo_XamarinForms\FineDustInfo_XamarinForms.UWP\FineDustInfo_XamarinForms.UWP.csproj", "{55C2747D-3D05-4AEC-89BD-B6316CDFC43F}"
EndProject
Project("{FAE04EC0-301F-11D3-BF4B-00C04F79EFBC}") = "FineDustInfo_XamarinForms.Android", "FineDustInfo_XamarinForms\FineDustInfo_XamarinForms.Android\FineDustInfo_XamarinForms.Android.csproj", "{13890325-295D-4558-9B31-C5E23B03E93A}"
EndProject
Project("{FAE04EC0-301F-11D3-BF4B-00C04F79EFBC}") = "FineDustInfo_XamarinForms.iOS", "FineDustInfo_XamarinForms\FineDustInfo_XamarinForms.iOS\FineDustInfo_XamarinForms.iOS.csproj", "{B76E9F7D-B8BD-40B8-B420-B5C35F0DAB67}"
EndProject
Project("{FAE04EC0-301F-11D3-BF4B-00C04F79EFBC}") = "FineDustInfo_XamarinForms", "FineDustInfo_XamarinForms\FineDustInfo_XamarinForms\FineDustInfo_XamarinForms.csproj", "{F68810A7-7E13-4B80-9DA8-DC044A2872CE}"
EndProject
Global
	GlobalSection(SolutionConfigurationPlatforms) = preSolution
		Debug|Any CPU = Debug|Any CPU
		Debug|ARM = Debug|ARM
		Debug|iPhone = Debug|iPhone
		Debug|iPhoneSimulator = Debug|iPhoneSimulator
		Debug|x64 = Debug|x64
		Debug|x86 = Debug|x86
		Release|Any CPU = Release|Any CPU
		Release|ARM = Release|ARM
		Release|iPhone = Release|iPhone
		Release|iPhoneSimulator = Release|iPhoneSimulator
		Release|x64 = Release|x64
		Release|x86 = Release|x86
	EndGlobalSection
	GlobalSection(ProjectConfigurationPlatforms) = postSolution
		{55C2747D-3D05-4AEC-89BD-B6316CDFC43F}.Debug|Any CPU.ActiveCfg = Debug|x86
		{55C2747D-3D05-4AEC-89BD-B6316CDFC43F}.Debug|Any CPU.Build.0 = Debug|x86
		{55C2747D-3D05-4AEC-89BD-B6316CDFC43F}.Debug|Any CPU.Deploy.0 = Debug|x86
		{55C2747D-3D05-4AEC-89BD-B6316CDFC43F}.Debug|ARM.ActiveCfg = Debug|ARM
		{55C2747D-3D05-4AEC-89BD-B6316CDFC43F}.Debug|ARM.Build.0 = Debug|ARM
		{55C2747D-3D05-4AEC-89BD-B6316CDFC43F}.Debug|ARM.Deploy.0 = Debug|ARM
		{55C2747D-3D05-4AEC-89BD-B6316CDFC43F}.Debug|iPhone.ActiveCfg = Debug|x86
		{55C2747D-3D05-4AEC-89BD-B6316CDFC43F}.Debug|iPhone.Build.0 = Debug|x86
		{55C2747D-3D05-4AEC-89BD-B6316CDFC43F}.Debug|iPhone.Deploy.0 = Debug|x86
		{55C2747D-3D05-4AEC-89BD-B6316CDFC43F}.Debug|iPhoneSimulator.ActiveCfg = Debug|x86
		{55C2747D-3D05-4AEC-89BD-B6316CDFC43F}.Debug|iPhoneSimulator.Build.0 = Debug|x86
		{55C2747D-3D05-4AEC-89BD-B6316CDFC43F}.Debug|iPhoneSimulator.Deploy.0 = Debug|x86
		{55C2747D-3D05-4AEC-89BD-B6316CDFC43F}.Debug|x64.ActiveCfg = Debug|x64
		{55C2747D-3D05-4AEC-89BD-B6316CDFC43F}.Debug|x64.Build.0 = Debug|x64
		{55C2747D-3D05-4AEC-89BD-B6316CDFC43F}.Debug|x64.Deploy.0 = Debug|x64
		{55C2747D-3D05-4AEC-89BD-B6316CDFC43F}.Debug|x86.ActiveCfg = Debug|x86
		{55C2747D-3D05-4AEC-89BD-B6316CDFC43F}.Debug|x86.Build.0 = Debug|x86
		{55C2747D-3D05-4AEC-89BD-B6316CDFC43F}.Debug|x86.Deploy.0 = Debug|x86
		{55C2747D-3D05-4AEC-89BD-B6316CDFC43F}.Release|Any CPU.ActiveCfg = Release|x86
		{55C2747D-3D05-4AEC-89BD-B6316CDFC43F}.Release|Any CPU.Build.0 = Release|x86
		{55C2747D-3D05-4AEC-89BD-B6316CDFC43F}.Release|Any CPU.Deploy.0 = Release|x86
		{55C2747D-3D05-4AEC-89BD-B6316CDFC43F}.Release|ARM.ActiveCfg = Release|ARM
		{55C2747D-3D05-4AEC-89BD-B6316CDFC43F}.Release|ARM.Build.0 = Release|ARM
		{55C2747D-3D05-4AEC-89BD-B6316CDFC43F}.Release|ARM.Deploy.0 = Release|ARM
		{55C2747D-3D05-4AEC-89BD-B6316CDFC43F}.Release|iPhone.ActiveCfg = Release|x86
		{55C2747D-3D05-4AEC-89BD-B6316CDFC43F}.Release|iPhone.Build.0 = Release|x86
		{55C2747D-3D05-4AEC-89BD-B6316CDFC43F}.Release|iPhone.Deploy.0 = Release|x86
		{55C2747D-3D05-4AEC-89BD-B6316CDFC43F}.Release|iPhoneSimulator.ActiveCfg = Release|x86
		{55C2747D-3D05-4AEC-89BD-B6316CDFC43F}.Release|iPhoneSimulator.Build.0 = Release|x86
		{55C2747D-3D05-4AEC-89BD-B6316CDFC43F}.Release|iPhoneSimulator.Deploy.0 = Release|x86
		{55C2747D-3D05-4AEC-89BD-B6316CDFC43F}.Release|x64.ActiveCfg = Release|x64
		{55C2747D-3D05-4AEC-89BD-B6316CDFC43F}.Release|x64.Build.0 = Release|x64
		{55C2747D-3D05-4AEC-89BD-B6316CDFC43F}.Release|x64.Deploy.0 = Release|x64
		{55C2747D-3D05-4AEC-89BD-B6316CDFC43F}.Release|x86.ActiveCfg = Release|x86
		{55C2747D-3D05-4AEC-89BD-B6316CDFC43F}.Release|x86.Build.0 = Release|x86
		{55C2747D-3D05-4AEC-89BD-B6316CDFC43F}.Release|x86.Deploy.0 = Release|x86
		{13890325-295D-4558-9B31-C5E23B03E93A}.Debug|Any CPU.ActiveCfg = Debug|Any CPU
		{13890325-295D-4558-9B31-C5E23B03E93A}.Debug|Any CPU.Build.0 = Debug|Any CPU
		{13890325-295D-4558-9B31-C5E23B03E93A}.Debug|Any CPU.Deploy.0 = Debug|Any CPU
		{13890325-295D-4558-9B31-C5E23B03E93A}.Debug|ARM.ActiveCfg = Debug|Any CPU
		{13890325-295D-4558-9B31-C5E23B03E93A}.Debug|ARM.Build.0 = Debug|Any CPU
		{13890325-295D-4558-9B31-C5E23B03E93A}.Debug|ARM.Deploy.0 = Debug|Any CPU
		{13890325-295D-4558-9B31-C5E23B03E93A}.Debug|iPhone.ActiveCfg = Debug|Any CPU
		{13890325-295D-4558-9B31-C5E23B03E93A}.Debug|iPhone.Build.0 = Debug|Any CPU
		{13890325-295D-4558-9B31-C5E23B03E93A}.Debug|iPhone.Deploy.0 = Debug|Any CPU
		{13890325-295D-4558-9B31-C5E23B03E93A}.Debug|iPhoneSimulator.ActiveCfg = Debug|Any CPU
		{13890325-295D-4558-9B31-C5E23B03E93A}.Debug|iPhoneSimulator.Build.0 = Debug|Any CPU
		{13890325-295D-4558-9B31-C5E23B03E93A}.Debug|iPhoneSimulator.Deploy.0 = Debug|Any CPU
		{13890325-295D-4558-9B31-C5E23B03E93A}.Debug|x64.ActiveCfg = Debug|Any CPU
		{13890325-295D-4558-9B31-C5E23B03E93A}.Debug|x64.Build.0 = Debug|Any CPU
		{13890325-295D-4558-9B31-C5E23B03E93A}.Debug|x64.Deploy.0 = Debug|Any CPU
		{13890325-295D-4558-9B31-C5E23B03E93A}.Debug|x86.ActiveCfg = Debug|Any CPU
		{13890325-295D-4558-9B31-C5E23B03E93A}.Debug|x86.Build.0 = Debug|Any CPU
		{13890325-295D-4558-9B31-C5E23B03E93A}.Debug|x86.Deploy.0 = Debug|Any CPU
		{13890325-295D-4558-9B31-C5E23B03E93A}.Release|Any CPU.ActiveCfg = Release|Any CPU
		{13890325-295D-4558-9B31-C5E23B03E93A}.Release|Any CPU.Build.0 = Release|Any CPU
		{13890325-295D-4558-9B31-C5E23B03E93A}.Release|Any CPU.Deploy.0 = Release|Any CPU
		{13890325-295D-4558-9B31-C5E23B03E93A}.Release|ARM.ActiveCfg = Release|Any CPU
		{13890325-295D-4558-9B31-C5E23B03E93A}.Release|ARM.Build.0 = Release|Any CPU
		{13890325-295D-4558-9B31-C5E23B03E93A}.Release|ARM.Deploy.0 = Release|Any CPU
		{13890325-295D-4558-9B31-C5E23B03E93A}.Release|iPhone.ActiveCfg = Release|Any CPU
		{13890325-295D-4558-9B31-C5E23B03E93A}.Release|iPhone.Build.0 = Release|Any CPU
		{13890325-295D-4558-9B31-C5E23B03E93A}.Release|iPhone.Deploy.0 = Release|Any CPU
		{13890325-295D-4558-9B31-C5E23B03E93A}.Release|iPhoneSimulator.ActiveCfg = Release|Any CPU
		{13890325-295D-4558-9B31-C5E23B03E93A}.Release|iPhoneSimulator.Build.0 = Release|Any CPU
		{13890325-295D-4558-9B31-C5E23B03E93A}.Release|iPhoneSimulator.Deploy.0 = Release|Any CPU
		{13890325-295D-4558-9B31-C5E23B03E93A}.Release|x64.ActiveCfg = Release|Any CPU
		{13890325-295D-4558-9B31-C5E23B03E93A}.Release|x64.Build.0 = Release|Any CPU
		{13890325-295D-4558-9B31-C5E23B03E93A}.Release|x64.Deploy.0 = Release|Any CPU
		{13890325-295D-4558-9B31-C5E23B03E93A}.Release|x86.ActiveCfg = Release|Any CPU
		{13890325-295D-4558-9B31-C5E23B03E93A}.Release|x86.Build.0 = Release|Any CPU
		{13890325-295D-4558-9B31-C5E23B03E93A}.Release|x86.Deploy.0 = Release|Any CPU
		{B76E9F7D-B8BD-40B8-B420-B5C35F0DAB67}.Debug|Any CPU.ActiveCfg = Debug|iPhone
		{B76E9F7D-B8BD-40B8-B420-B5C35F0DAB67}.Debug|Any CPU.Build.0 = Debug|iPhone
		{B76E9F7D-B8BD-40B8-B420-B5C35F0DAB67}.Debug|Any CPU.Deploy.0 = Debug|iPhone
		{B76E9F7D-B8BD-40B8-B420-B5C35F0DAB67}.Debug|ARM.ActiveCfg = Debug|iPhoneSimulator
		{B76E9F7D-B8BD-40B8-B420-B5C35F0DAB67}.Debug|ARM.Build.0 = Debug|iPhoneSimulator
		{B76E9F7D-B8BD-40B8-B420-B5C35F0DAB67}.Debug|ARM.Deploy.0 = Debug|iPhoneSimulator
		{B76E9F7D-B8BD-40B8-B420-B5C35F0DAB67}.Debug|iPhone.ActiveCfg = Debug|iPhone
		{B76E9F7D-B8BD-40B8-B420-B5C35F0DAB67}.Debug|iPhone.Build.0 = Debug|iPhone
		{B76E9F7D-B8BD-40B8-B420-B5C35F0DAB67}.Debug|iPhone.Deploy.0 = Debug|iPhone
		{B76E9F7D-B8BD-40B8-B420-B5C35F0DAB67}.Debug|iPhoneSimulator.ActiveCfg = Debug|iPhoneSimulator
		{B76E9F7D-B8BD-40B8-B420-B5C35F0DAB67}.Debug|iPhoneSimulator.Build.0 = Debug|iPhoneSimulator
		{B76E9F7D-B8BD-40B8-B420-B5C35F0DAB67}.Debug|iPhoneSimulator.Deploy.0 = Debug|iPhoneSimulator
		{B76E9F7D-B8BD-40B8-B420-B5C35F0DAB67}.Debug|x64.ActiveCfg = Debug|iPhone
		{B76E9F7D-B8BD-40B8-B420-B5C35F0DAB67}.Debug|x64.Build.0 = Debug|iPhone
		{B76E9F7D-B8BD-40B8-B420-B5C35F0DAB67}.Debug|x64.Deploy.0 = Debug|iPhone
		{B76E9F7D-B8BD-40B8-B420-B5C35F0DAB67}.Debug|x86.ActiveCfg = Debug|iPhone
		{B76E9F7D-B8BD-40B8-B420-B5C35F0DAB67}.Debug|x86.Build.0 = Debug|iPhone
		{B76E9F7D-B8BD-40B8-B420-B5C35F0DAB67}.Debug|x86.Deploy.0 = Debug|iPhone
		{B76E9F7D-B8BD-40B8-B420-B5C35F0DAB67}.Release|Any CPU.ActiveCfg = Release|iPhone
		{B76E9F7D-B8BD-40B8-B420-B5C35F0DAB67}.Release|Any CPU.Build.0 = Release|iPhone
		{B76E9F7D-B8BD-40B8-B420-B5C35F0DAB67}.Release|Any CPU.Deploy.0 = Release|iPhone
		{B76E9F7D-B8BD-40B8-B420-B5C35F0DAB67}.Release|ARM.ActiveCfg = Release|iPhone
		{B76E9F7D-B8BD-40B8-B420-B5C35F0DAB67}.Release|ARM.Build.0 = Release|iPhone
		{B76E9F7D-B8BD-40B8-B420-B5C35F0DAB67}.Release|ARM.Deploy.0 = Release|iPhone
		{B76E9F7D-B8BD-40B8-B420-B5C35F0DAB67}.Release|iPhone.ActiveCfg = Release|iPhone
		{B76E9F7D-B8BD-40B8-B420-B5C35F0DAB67}.Release|iPhone.Build.0 = Release|iPhone
		{B76E9F7D-B8BD-40B8-B420-B5C35F0DAB67}.Release|iPhone.Deploy.0 = Release|iPhone
		{B76E9F7D-B8BD-40B8-B420-B5C35F0DAB67}.Release|iPhoneSimulator.ActiveCfg = Release|iPhoneSimulator
		{B76E9F7D-B8BD-40B8-B420-B5C35F0DAB67}.Release|iPhoneSimulator.Build.0 = Release|iPhoneSimulator
		{B76E9F7D-B8BD-40B8-B420-B5C35F0DAB67}.Release|iPhoneSimulator.Deploy.0 = Release|iPhoneSimulator
		{B76E9F7D-B8BD-40B8-B420-B5C35F0DAB67}.Release|x64.ActiveCfg = Release|iPhone
		{B76E9F7D-B8BD-40B8-B420-B5C35F0DAB67}.Release|x64.Build.0 = Release|iPhone
		{B76E9F7D-B8BD-40B8-B420-B5C35F0DAB67}.Release|x64.Deploy.0 = Release|iPhone
		{B76E9F7D-B8BD-40B8-B420-B5C35F0DAB67}.Release|x86.ActiveCfg = Release|iPhone
		{B76E9F7D-B8BD-40B8-B420-B5C35F0DAB67}.Release|x86.Build.0 = Release|iPhone
		{B76E9F7D-B8BD-40B8-B420-B5C35F0DAB67}.Release|x86.Deploy.0 = Release|iPhone
		{F68810A7-7E13-4B80-9DA8-DC044A2872CE}.Debug|Any CPU.ActiveCfg = Debug|Any CPU
		{F68810A7-7E13-4B80-9DA8-DC044A2872CE}.Debug|Any CPU.Build.0 = Debug|Any CPU
		{F68810A7-7E13-4B80-9DA8-DC044A2872CE}.Debug|Any CPU.Deploy.0 = Debug|Any CPU
		{F68810A7-7E13-4B80-9DA8-DC044A2872CE}.Debug|ARM.ActiveCfg = Debug|Any CPU
		{F68810A7-7E13-4B80-9DA8-DC044A2872CE}.Debug|ARM.Build.0 = Debug|Any CPU
		{F68810A7-7E13-4B80-9DA8-DC044A2872CE}.Debug|ARM.Deploy.0 = Debug|Any CPU
		{F68810A7-7E13-4B80-9DA8-DC044A2872CE}.Debug|iPhone.ActiveCfg = Debug|Any CPU
		{F68810A7-7E13-4B80-9DA8-DC044A2872CE}.Debug|iPhone.Build.0 = Debug|Any CPU
		{F68810A7-7E13-4B80-9DA8-DC044A2872CE}.Debug|iPhone.Deploy.0 = Debug|Any CPU
		{F68810A7-7E13-4B80-9DA8-DC044A2872CE}.Debug|iPhoneSimulator.ActiveCfg = Debug|Any CPU
		{F68810A7-7E13-4B80-9DA8-DC044A2872CE}.Debug|iPhoneSimulator.Build.0 = Debug|Any CPU
		{F68810A7-7E13-4B80-9DA8-DC044A2872CE}.Debug|iPhoneSimulator.Deploy.0 = Debug|Any CPU
		{F68810A7-7E13-4B80-9DA8-DC044A2872CE}.Debug|x64.ActiveCfg = Debug|Any CPU
		{F68810A7-7E13-4B80-9DA8-DC044A2872CE}.Debug|x64.Build.0 = Debug|Any CPU
		{F68810A7-7E13-4B80-9DA8-DC044A2872CE}.Debug|x64.Deploy.0 = Debug|Any CPU
		{F68810A7-7E13-4B80-9DA8-DC044A2872CE}.Debug|x86.ActiveCfg = Debug|Any CPU
		{F68810A7-7E13-4B80-9DA8-DC044A2872CE}.Debug|x86.Build.0 = Debug|Any CPU
		{F68810A7-7E13-4B80-9DA8-DC044A2872CE}.Debug|x86.Deploy.0 = Debug|Any CPU
		{F68810A7-7E13-4B80-9DA8-DC044A2872CE}.Release|Any CPU.ActiveCfg = Release|Any CPU
		{F68810A7-7E13-4B80-9DA8-DC044A2872CE}.Release|Any CPU.Build.0 = Release|Any CPU
		{F68810A7-7E13-4B80-9DA8-DC044A2872CE}.Release|Any CPU.Deploy.0 = Release|Any CPU
		{F68810A7-7E13-4B80-9DA8-DC044A2872CE}.Release|ARM.ActiveCfg = Release|Any CPU
		{F68810A7-7E13-4B80-9DA8-DC044A2872CE}.Release|ARM.Build.0 = Release|Any CPU
		{F68810A7-7E13-4B80-9DA8-DC044A2872CE}.Release|ARM.Deploy.0 = Release|Any CPU
		{F68810A7-7E13-4B80-9DA8-DC044A2872CE}.Release|iPhone.ActiveCfg = Release|Any CPU
		{F68810A7-7E13-4B80-9DA8-DC044A2872CE}.Release|iPhone.Build.0 = Release|Any CPU
		{F68810A7-7E13-4B80-9DA8-DC044A2872CE}.Release|iPhone.Deploy.0 = Release|Any CPU
		{F68810A7-7E13-4B80-9DA8-DC044A2872CE}.Release|iPhoneSimulator.ActiveCfg = Release|Any CPU
		{F68810A7-7E13-4B80-9DA8-DC044A2872CE}.Release|iPhoneSimulator.Build.0 = Release|Any CPU
		{F68810A7-7E13-4B80-9DA8-DC044A2872CE}.Release|iPhoneSimulator.Deploy.0 = Release|Any CPU
		{F68810A7-7E13-4B80-9DA8-DC044A2872CE}.Release|x64.ActiveCfg = Release|Any CPU
		{F68810A7-7E13-4B80-9DA8-DC044A2872CE}.Release|x64.Build.0 = Release|Any CPU
		{F68810A7-7E13-4B80-9DA8-DC044A2872CE}.Release|x64.Deploy.0 = Release|Any CPU
		{F68810A7-7E13-4B80-9DA8-DC044A2872CE}.Release|x86.ActiveCfg = Release|Any CPU
		{F68810A7-7E13-4B80-9DA8-DC044A2872CE}.Release|x86.Build.0 = Release|Any CPU
		{F68810A7-7E13-4B80-9DA8-DC044A2872CE}.Release|x86.Deploy.0 = Release|Any CPU
	EndGlobalSection
	GlobalSection(SolutionProperties) = preSolution
		HideSolutionNode = FALSE
	EndGlobalSection
	GlobalSection(ExtensibilityGlobals) = postSolution
		SolutionGuid = {7333DA43-D5D2-483E-AE43-89813CA0CAA5}
	EndGlobalSection
EndGlobal
